
Microsoft Visual Studio Solution File, Format Version 12.00
# Visual Studio 2012
Project("{FAE04EC0-301F-11D3-BF4B-00C04F79EFBC}") = "Pregledavanje narudžbi", "FOR_Application\Pregledavanje narudžbi.csproj", "{738A602B-EE3C-4498-8970-31D2B0874E49}"
EndProject
Project("{FAE04EC0-301F-11D3-BF4B-00C04F79EFBC}") = "Kreiranje narudžbe", "Kreiranje narudžbe\Kreiranje narudžbe.csproj", "{3345D1AA-1B5A-4866-A0D0-09D0BE9E15BA}"
EndProject
Project("{2150E333-8FDC-42A3-9474-1A3956D46DE8}") = "Solution Items", "Solution Items", "{4EE9F9BA-7BA1-41D2-8CC6-F21F0C109968}"
EndProject
Project("{FAE04EC0-301F-11D3-BF4B-00C04F79EFBC}") = "bazaRad", "BazaRad\bazaRad.csproj", "{41A936A7-658C-4A65-808B-6D8701899298}"
EndProject
Global
	GlobalSection(SolutionConfigurationPlatforms) = preSolution
		Debug|Any CPU = Debug|Any CPU
		Release|Any CPU = Release|Any CPU
	EndGlobalSection
	GlobalSection(ProjectConfigurationPlatforms) = postSolution
		{738A602B-EE3C-4498-8970-31D2B0874E49}.Debug|Any CPU.ActiveCfg = Debug|Any CPU
		{738A602B-EE3C-4498-8970-31D2B0874E49}.Debug|Any CPU.Build.0 = Debug|Any CPU
		{738A602B-EE3C-4498-8970-31D2B0874E49}.Release|Any CPU.ActiveCfg = Release|Any CPU
		{738A602B-EE3C-4498-8970-31D2B0874E49}.Release|Any CPU.Build.0 = Release|Any CPU
		{3345D1AA-1B5A-4866-A0D0-09D0BE9E15BA}.Debug|Any CPU.ActiveCfg = Debug|Any CPU
		{3345D1AA-1B5A-4866-A0D0-09D0BE9E15BA}.Debug|Any CPU.Build.0 = Debug|Any CPU
		{3345D1AA-1B5A-4866-A0D0-09D0BE9E15BA}.Release|Any CPU.ActiveCfg = Release|Any CPU
		{3345D1AA-1B5A-4866-A0D0-09D0BE9E15BA}.Release|Any CPU.Build.0 = Release|Any CPU
		{41A936A7-658C-4A65-808B-6D8701899298}.Debug|Any CPU.ActiveCfg = Debug|Any CPU
		{41A936A7-658C-4A65-808B-6D8701899298}.Debug|Any CPU.Build.0 = Debug|Any CPU
		{41A936A7-658C-4A65-808B-6D8701899298}.Release|Any CPU.ActiveCfg = Release|Any CPU
		{41A936A7-658C-4A65-808B-6D8701899298}.Release|Any CPU.Build.0 = Release|Any CPU
	EndGlobalSection
	GlobalSection(SolutionProperties) = preSolution
		HideSolutionNode = FALSE
	EndGlobalSection
EndGlobal
